{"1.2.0",
[{<<"cowlib">>,{pkg,<<"cowlib">>,<<"2.12.0">>},1},
 {<<"eredis">>,{pkg,<<"eredis">>,<<"1.7.0">>},0},
 {<<"gun">>,{pkg,<<"gun">>,<<"2.0.0">>},0},
 {<<"jsx">>,{pkg,<<"jsx">>,<<"3.1.0">>},0},
 {<<"thoas">>,{pkg,<<"thoas">>,<<"1.0.0">>},0},
 {<<"yamerl">>,{pkg,<<"yamerl">>,<<"0.10.0">>},0}]}.
[
{pkg_hash,[
 {<<"cowlib">>, <<"58B73B75BEE32295A3E2CB37CD73D7B41E8B0C9C9A235869E6BFCCE3FC1A63AA">>},
 {<<"eredis">>, <<"7A9B2B51ECDE73AF3399B344C6C7FA5141E6C77DF5FACE86E41E8365A1E5B08F">>},
 {<<"gun">>, <<"2326BC0FD6D9CF628419708270D6FE8B02B8D002CF992E4165A77D997B1DEFD0">>},
 {<<"jsx">>, <<"D12516BAA0BB23A59BB35DCCAF02A1BD08243FCBB9EFE24F2D9D056CCFF71268">>},
 {<<"thoas">>, <<"567C03902920827A18A89F05B79A37B5BF93553154B883E0131801600CF02CE0">>},
 {<<"yamerl">>, <<"4FF81FEE2F1F6A46F1700C0D880B24D193DDB74BD14EF42CB0BCF46E81EF2F8E">>}]},
{pkg_hash_ext,[
 {<<"cowlib">>, <<"FA8A335B7C61263317C6214676CFB8C448AE9C36BAD3D98DF9CB166265940FD1">>},
 {<<"eredis">>, <<"A49E7B11A2E1DF91EC3DA565DBD1A9530C95A5AC03127D3810D735F9EABF6F2E">>},
 {<<"gun">>, <<"6613CB7C62930DC8D58263C44DDA72F8556346BA88358FC929DCBC5F76D04569">>},
 {<<"jsx">>, <<"0C5CC8FDC11B53CC25CF65AC6705AD39E54ECC56D1C22E4ADB8F5A53FB9427F3">>},
 {<<"thoas">>, <<"FC763185B932ECB32A554FB735EE03C3B6B1B31366077A2427D2A97F3BD26735">>},
 {<<"yamerl">>, <<"346ADB2963F1051DC837A2364E4ACF6EB7D80097C0F53CBDC3046EC8EC4B4E6E">>}]}
].
